// !$*UTF8*$!
{
	archiveVersion = 1;
	classes = {
	};
	objectVersion = 50;
	objects = {

/* Begin PBXBuildFile section */
		026B73BD2204AC2400CDF183 /* Sender.swift in Sources */ = {isa = PBXBuildFile; fileRef = 026B73BC2204AC2400CDF183 /* Sender.swift */; };
		026B73BF2204ACCF00CDF183 /* Receiver.swift in Sources */ = {isa = PBXBuildFile; fileRef = 026B73BE2204ACCF00CDF183 /* Receiver.swift */; };
		026B73C72204AF6400CDF183 /* AppDelegate.swift in Sources */ = {isa = PBXBuildFile; fileRef = 026B73C62204AF6400CDF183 /* AppDelegate.swift */; };
		026B73C92204AF6400CDF183 /* ViewController.swift in Sources */ = {isa = PBXBuildFile; fileRef = 026B73C82204AF6400CDF183 /* ViewController.swift */; };
		026B73CB2204AF6700CDF183 /* Assets.xcassets in Resources */ = {isa = PBXBuildFile; fileRef = 026B73CA2204AF6700CDF183 /* Assets.xcassets */; };
		026B73CE2204AF6700CDF183 /* Main.storyboard in Resources */ = {isa = PBXBuildFile; fileRef = 026B73CC2204AF6700CDF183 /* Main.storyboard */; };
		026B73D82204AFCA00CDF183 /* Sender.swift in Sources */ = {isa = PBXBuildFile; fileRef = 026B73BC2204AC2400CDF183 /* Sender.swift */; };
		026B73D92204AFCC00CDF183 /* Receiver.swift in Sources */ = {isa = PBXBuildFile; fileRef = 026B73BE2204ACCF00CDF183 /* Receiver.swift */; };
		02BDAD0E21F489730042243F /* AppDelegate.swift in Sources */ = {isa = PBXBuildFile; fileRef = 02BDAD0D21F489730042243F /* AppDelegate.swift */; };
		02BDAD1021F489730042243F /* ViewController.swift in Sources */ = {isa = PBXBuildFile; fileRef = 02BDAD0F21F489730042243F /* ViewController.swift */; };
		02BDAD1321F489730042243F /* Main.storyboard in Resources */ = {isa = PBXBuildFile; fileRef = 02BDAD1121F489730042243F /* Main.storyboard */; };
		02BDAD1521F489750042243F /* Assets.xcassets in Resources */ = {isa = PBXBuildFile; fileRef = 02BDAD1421F489750042243F /* Assets.xcassets */; };
		02BDAD1821F489750042243F /* LaunchScreen.storyboard in Resources */ = {isa = PBXBuildFile; fileRef = 02BDAD1621F489750042243F /* LaunchScreen.storyboard */; };
/* End PBXBuildFile section */

/* Begin PBXFileReference section */
		026B73BC2204AC2400CDF183 /* Sender.swift */ = {isa = PBXFileReference; lastKnownFileType = sourcecode.swift; path = Sender.swift; sourceTree = "<group>"; };
		026B73BE2204ACCF00CDF183 /* Receiver.swift */ = {isa = PBXFileReference; lastKnownFileType = sourcecode.swift; path = Receiver.swift; sourceTree = "<group>"; };
		026B73C42204AF6400CDF183 /* macOS Chat.app */ = {isa = PBXFileReference; explicitFileType = wrapper.application; includeInIndex = 0; path = "macOS Chat.app"; sourceTree = BUILT_PRODUCTS_DIR; };
		026B73C62204AF6400CDF183 /* AppDelegate.swift */ = {isa = PBXFileReference; lastKnownFileType = sourcecode.swift; path = AppDelegate.swift; sourceTree = "<group>"; };
		026B73C82204AF6400CDF183 /* ViewController.swift */ = {isa = PBXFileReference; lastKnownFileType = sourcecode.swift; path = ViewController.swift; sourceTree = "<group>"; };
		026B73CA2204AF6700CDF183 /* Assets.xcassets */ = {isa = PBXFileReference; lastKnownFileType = folder.assetcatalog; path = Assets.xcassets; sourceTree = "<group>"; };
		026B73CD2204AF6700CDF183 /* Base */ = {isa = PBXFileReference; lastKnownFileType = file.storyboard; name = Base; path = Base.lproj/Main.storyboard; sourceTree = "<group>"; };
		026B73CF2204AF6700CDF183 /* Info.plist */ = {isa = PBXFileReference; lastKnownFileType = text.plist.xml; path = Info.plist; sourceTree = "<group>"; };
		026B73D02204AF6700CDF183 /* macOS_Chat.entitlements */ = {isa = PBXFileReference; lastKnownFileType = text.plist.entitlements; path = macOS_Chat.entitlements; sourceTree = "<group>"; };
		026B741A2205996D00CDF183 /* macOS Chat.entitlements */ = {isa = PBXFileReference; lastKnownFileType = text.plist.entitlements; path = "macOS Chat.entitlements"; sourceTree = "<group>"; };
		02BDAD0A21F489730042243F /* iOS Chat.app */ = {isa = PBXFileReference; explicitFileType = wrapper.application; includeInIndex = 0; path = "iOS Chat.app"; sourceTree = BUILT_PRODUCTS_DIR; };
		02BDAD0D21F489730042243F /* AppDelegate.swift */ = {isa = PBXFileReference; lastKnownFileType = sourcecode.swift; path = AppDelegate.swift; sourceTree = "<group>"; };
		02BDAD0F21F489730042243F /* ViewController.swift */ = {isa = PBXFileReference; lastKnownFileType = sourcecode.swift; path = ViewController.swift; sourceTree = "<group>"; };
		02BDAD1221F489730042243F /* Base */ = {isa = PBXFileReference; lastKnownFileType = file.storyboard; name = Base; path = Base.lproj/Main.storyboard; sourceTree = "<group>"; };
		02BDAD1421F489750042243F /* Assets.xcassets */ = {isa = PBXFileReference; lastKnownFileType = folder.assetcatalog; path = Assets.xcassets; sourceTree = "<group>"; };
		02BDAD1721F489750042243F /* Base */ = {isa = PBXFileReference; lastKnownFileType = file.storyboard; name = Base; path = Base.lproj/LaunchScreen.storyboard; sourceTree = "<group>"; };
		02BDAD1921F489750042243F /* Info.plist */ = {isa = PBXFileReference; lastKnownFileType = text.plist.xml; path = Info.plist; sourceTree = "<group>"; };
/* End PBXFileReference section */

/* Begin PBXFrameworksBuildPhase section */
		026B73C12204AF6400CDF183 /* Frameworks */ = {
			isa = PBXFrameworksBuildPhase;
			buildActionMask = 2147483647;
			files = (
			);
			runOnlyForDeploymentPostprocessing = 0;
		};
		02BDAD0721F489730042243F /* Frameworks */ = {
			isa = PBXFrameworksBuildPhase;
			buildActionMask = 2147483647;
			files = (
			);
			runOnlyForDeploymentPostprocessing = 0;
		};
/* End PBXFrameworksBuildPhase section */

/* Begin PBXGroup section */
		026B73C52204AF6400CDF183 /* macOS Chat */ = {
			isa = PBXGroup;
			children = (
				026B741A2205996D00CDF183 /* macOS Chat.entitlements */,
				026B73C62204AF6400CDF183 /* AppDelegate.swift */,
				026B73C82204AF6400CDF183 /* ViewController.swift */,
				026B73CC2204AF6700CDF183 /* Main.storyboard */,
				026B73CF2204AF6700CDF183 /* Info.plist */,
				026B73CA2204AF6700CDF183 /* Assets.xcassets */,
				026B73D02204AF6700CDF183 /* macOS_Chat.entitlements */,
			);
			path = "macOS Chat";
			sourceTree = "<group>";
		};
		026B73DC2204AFFB00CDF183 /* shared */ = {
			isa = PBXGroup;
			children = (
				026B73BC2204AC2400CDF183 /* Sender.swift */,
				026B73BE2204ACCF00CDF183 /* Receiver.swift */,
			);
			path = shared;
			sourceTree = "<group>";
		};
		02BDAD0121F489730042243F = {
			isa = PBXGroup;
			children = (
				026B73DC2204AFFB00CDF183 /* shared */,
				02BDAD0C21F489730042243F /* iOS Chat */,
				026B73C52204AF6400CDF183 /* macOS Chat */,
				02BDAD0B21F489730042243F /* Products */,
			);
			sourceTree = "<group>";
		};
		02BDAD0B21F489730042243F /* Products */ = {
			isa = PBXGroup;
			children = (
				02BDAD0A21F489730042243F /* iOS Chat.app */,
				026B73C42204AF6400CDF183 /* macOS Chat.app */,
			);
			name = Products;
			sourceTree = "<group>";
		};
		02BDAD0C21F489730042243F /* iOS Chat */ = {
			isa = PBXGroup;
			children = (
				02BDAD0D21F489730042243F /* AppDelegate.swift */,
				02BDAD0F21F489730042243F /* ViewController.swift */,
				02BDAD1121F489730042243F /* Main.storyboard */,
				02BDAD1921F489750042243F /* Info.plist */,
				02BDAD1421F489750042243F /* Assets.xcassets */,
				02BDAD1621F489750042243F /* LaunchScreen.storyboard */,
			);
			path = "iOS Chat";
			sourceTree = "<group>";
		};
/* End PBXGroup section */

/* Begin PBXNativeTarget section */
		026B73C32204AF6400CDF183 /* macOS Chat */ = {
			isa = PBXNativeTarget;
			buildConfigurationList = 026B73D12204AF6700CDF183 /* Build configuration list for PBXNativeTarget "macOS Chat" */;
			buildPhases = (
				026B73C02204AF6400CDF183 /* Sources */,
				026B73C12204AF6400CDF183 /* Frameworks */,
				026B73C22204AF6400CDF183 /* Resources */,
			);
			buildRules = (
			);
			dependencies = (
			);
			name = "macOS Chat";
			productName = "macOS Chat";
			productReference = 026B73C42204AF6400CDF183 /* macOS Chat.app */;
			productType = "com.apple.product-type.application";
		};
		02BDAD0921F489730042243F /* iOS Chat */ = {
			isa = PBXNativeTarget;
			buildConfigurationList = 02BDAD1C21F489750042243F /* Build configuration list for PBXNativeTarget "iOS Chat" */;
			buildPhases = (
				02BDAD0621F489730042243F /* Sources */,
				02BDAD0721F489730042243F /* Frameworks */,
				02BDAD0821F489730042243F /* Resources */,
			);
			buildRules = (
			);
			dependencies = (
			);
			name = "iOS Chat";
			productName = "Network Chat";
			productReference = 02BDAD0A21F489730042243F /* iOS Chat.app */;
			productType = "com.apple.product-type.application";
		};
/* End PBXNativeTarget section */

/* Begin PBXProject section */
		02BDAD0221F489730042243F /* Project object */ = {
			isa = PBXProject;
			attributes = {
				LastSwiftUpdateCheck = 1010;
				LastUpgradeCheck = 1010;
				ORGANIZATIONNAME = "Markus Stöbe";
				TargetAttributes = {
					026B73C32204AF6400CDF183 = {
						CreatedOnToolsVersion = 10.1;
						SystemCapabilities = {
							com.apple.Sandbox = {
								enabled = 1;
							};
						};
					};
					02BDAD0921F489730042243F = {
						CreatedOnToolsVersion = 10.1;
					};
				};
			};
			buildConfigurationList = 02BDAD0521F489730042243F /* Build configuration list for PBXProject "Network Chat" */;
			compatibilityVersion = "Xcode 9.3";
			developmentRegion = en;
			hasScannedForEncodings = 0;
			knownRegions = (
				en,
				Base,
			);
			mainGroup = 02BDAD0121F489730042243F;
			productRefGroup = 02BDAD0B21F489730042243F /* Products */;
			projectDirPath = "";
			projectRoot = "";
			targets = (
				02BDAD0921F489730042243F /* iOS Chat */,
				026B73C32204AF6400CDF183 /* macOS Chat */,
			);
		};
/* End PBXProject section */

/* Begin PBXResourcesBuildPhase section */
		026B73C22204AF6400CDF183 /* Resources */ = {
			isa = PBXResourcesBuildPhase;
			buildActionMask = 2147483647;
			files = (
				026B73CB2204AF6700CDF183 /* Assets.xcassets in Resources */,
				026B73CE2204AF6700CDF183 /* Main.storyboard in Resources */,
			);
			runOnlyForDeploymentPostprocessing = 0;
		};
		02BDAD0821F489730042243F /* Resources */ = {
			isa = PBXResourcesBuildPhase;
			buildActionMask = 2147483647;
			files = (
				02BDAD1821F489750042243F /* LaunchScreen.storyboard in Resources */,
				02BDAD1521F489750042243F /* Assets.xcassets in Resources */,
				02BDAD1321F489730042243F /* Main.storyboard in Resources */,
			);
			runOnlyForDeploymentPostprocessing = 0;
		};
/* End PBXResourcesBuildPhase section */

/* Begin PBXSourcesBuildPhase section */
		026B73C02204AF6400CDF183 /* Sources */ = {
			isa = PBXSourcesBuildPhase;
			buildActionMask = 2147483647;
			files = (
				026B73D82204AFCA00CDF183 /* Sender.swift in Sources */,
				026B73C92204AF6400CDF183 /* ViewController.swift in Sources */,
				026B73D92204AFCC00CDF183 /* Receiver.swift in Sources */,
				026B73C72204AF6400CDF183 /* AppDelegate.swift in Sources */,
			);
			runOnlyForDeploymentPostprocessing = 0;
		};
		02BDAD0621F489730042243F /* Sources */ = {
			isa = PBXSourcesBuildPhase;
			buildActionMask = 2147483647;
			files = (
				02BDAD1021F489730042243F /* ViewController.swift in Sources */,
				026B73BD2204AC2400CDF183 /* Sender.swift in Sources */,
				026B73BF2204ACCF00CDF183 /* Receiver.swift in Sources */,
				02BDAD0E21F489730042243F /* AppDelegate.swift in Sources */,
			);
			runOnlyForDeploymentPostprocessing = 0;
		};
/* End PBXSourcesBuildPhase section */

/* Begin PBXVariantGroup section */
		026B73CC2204AF6700CDF183 /* Main.storyboard */ = {
			isa = PBXVariantGroup;
			children = (
				026B73CD2204AF6700CDF183 /* Base */,
			);
			name = Main.storyboard;
			sourceTree = "<group>";
		};
		02BDAD1121F489730042243F /* Main.storyboard */ = {
			isa = PBXVariantGroup;
			children = (
				02BDAD1221F489730042243F /* Base */,
			);
			name = Main.storyboard;
			sourceTree = "<group>";
		};
		02BDAD1621F489750042243F /* LaunchScreen.storyboard */ = {
			isa = PBXVariantGroup;
			children = (
				02BDAD1721F489750042243F /* Base */,
			);
			name = LaunchScreen.storyboard;
			sourceTree = "<group>";
		};
/* End PBXVariantGroup section */

/* Begin XCBuildConfiguration section */
		026B73D22204AF6700CDF183 /* Debug */ = {
			isa = XCBuildConfiguration;
			buildSettings = {
				ASSETCATALOG_COMPILER_APPICON_NAME = AppIcon;
				CODE_SIGN_ENTITLEMENTS = "macOS Chat/macOS Chat.entitlements";
				CODE_SIGN_IDENTITY = "Mac Developer";
				CODE_SIGN_STYLE = Automatic;
				COMBINE_HIDPI_IMAGES = YES;
				DEVELOPMENT_TEAM = E2BGP67TX9;
				INFOPLIST_FILE = "macOS Chat/Info.plist";
				LD_RUNPATH_SEARCH_PATHS = (
					"$(inherited)",
					"@executable_path/../Frameworks",
				);
				MACOSX_DEPLOYMENT_TARGET = 10.14;
				PRODUCT_BUNDLE_IDENTIFIER = "de.macundi.macOS-Chat";
				PRODUCT_NAME = "$(TARGET_NAME)";
				SDKROOT = macosx;
				SWIFT_VERSION = 4.2;
			};
			name = Debug;
		};
		026B73D32204AF6700CDF183 /* Release */ = {
			isa = XCBuildConfiguration;
			buildSettings = {
				ASSETCATALOG_COMPILER_APPICON_NAME = AppIcon;
				CODE_SIGN_ENTITLEMENTS = "macOS Chat/macOS Chat.entitlements";
				CODE_SIGN_IDENTITY = "Mac Developer";
				CODE_SIGN_STYLE = Automatic;
				COMBINE_HIDPI_IMAGES = YES;
				DEVELOPMENT_TEAM = E2BGP67TX9;
				INFOPLIST_FILE = "macOS Chat/Info.plist";
				LD_RUNPATH_SEARCH_PATHS = (
					"$(inherited)",
					"@executable_path/../Frameworks",
				);
				MACOSX_DEPLOYMENT_TARGET = 10.14;
				PRODUCT_BUNDLE_IDENTIFIER = "de.macundi.macOS-Chat";
				PRODUCT_NAME = "$(TARGET_NAME)";
				SDKROOT = macosx;
				SWIFT_VERSION = 4.2;
			};
			name = Release;
		};
		02BDAD1A21F489750042243F /* Debug */ = {
			isa = XCBuildConfiguration;
			buildSettings = {
				ALWAYS_SEARCH_USER_PATHS = NO;
				CLANG_ANALYZER_NONNULL = YES;
				CLANG_ANALYZER_NUMBER_OBJECT_CONVERSION = YES_AGGRESSIVE;
				CLANG_CXX_LANGUAGE_STANDARD = "gnu++14";
				CLANG_CXX_LIBRARY = "libc++";
				CLANG_ENABLE_MODULES = YES;
				CLANG_ENABLE_OBJC_ARC = YES;
				CLANG_ENABLE_OBJC_WEAK = YES;
				CLANG_WARN_BLOCK_CAPTURE_AUTORELEASING = YES;
				CLANG_WARN_BOOL_CONVERSION = YES;
				CLANG_WARN_COMMA = YES;
				CLANG_WARN_CONSTANT_CONVERSION = YES;
				CLANG_WARN_DEPRECATED_OBJC_IMPLEMENTATIONS = YES;
				CLANG_WARN_DIRECT_OBJC_ISA_USAGE = YES_ERROR;
				CLANG_WARN_DOCUMENTATION_COMMENTS = YES;
				CLANG_WARN_EMPTY_BODY = YES;
				CLANG_WARN_ENUM_CONVERSION = YES;
				CLANG_WARN_INFINITE_RECURSION = YES;
				CLANG_WARN_INT_CONVERSION = YES;
				CLANG_WARN_NON_LITERAL_NULL_CONVERSION = YES;
				CLANG_WARN_OBJC_IMPLICIT_RETAIN_SELF = YES;
				CLANG_WARN_OBJC_LITERAL_CONVERSION = YES;
				CLANG_WARN_OBJC_ROOT_CLASS = YES_ERROR;
				CLANG_WARN_RANGE_LOOP_ANALYSIS = YES;
				CLANG_WARN_STRICT_PROTOTYPES = YES;
				CLANG_WARN_SUSPICIOUS_MOVE = YES;
				CLANG_WARN_UNGUARDED_AVAILABILITY = YES_AGGRESSIVE;
				CLANG_WARN_UNREACHABLE_CODE = YES;
				CLANG_WARN__DUPLICATE_METHOD_MATCH = YES;
				CODE_SIGN_IDENTITY = "iPhone Developer";
				COPY_PHASE_STRIP = NO;
				DEBUG_INFORMATION_FORMAT = dwarf;
				ENABLE_STRICT_OBJC_MSGSEND = YES;
				ENABLE_TESTABILITY = YES;
				GCC_C_LANGUAGE_STANDARD = gnu11;
				GCC_DYNAMIC_NO_PIC = NO;
				GCC_NO_COMMON_BLOCKS = YES;
				GCC_OPTIMIZATION_LEVEL = 0;
				GCC_PREPROCESSOR_DEFINITIONS = (
					"DEBUG=1",
					"$(inherited)",
				);
				GCC_WARN_64_TO_32_BIT_CONVERSION = YES;
				GCC_WARN_ABOUT_RETURN_TYPE = YES_ERROR;
				GCC_WARN_UNDECLARED_SELECTOR = YES;
				GCC_WARN_UNINITIALIZED_AUTOS = YES_AGGRESSIVE;
				GCC_WARN_UNUSED_FUNCTION = YES;
				GCC_WARN_UNUSED_VARIABLE = YES;
				IPHONEOS_DEPLOYMENT_TARGET = 12.1;
				MTL_ENABLE_DEBUG_INFO = INCLUDE_SOURCE;
				MTL_FAST_MATH = YES;
				ONLY_ACTIVE_ARCH = YES;
				SDKROOT = iphoneos;
				SWIFT_ACTIVE_COMPILATION_CONDITIONS = DEBUG;
				SWIFT_OPTIMIZATION_LEVEL = "-Onone";
			};
			name = Debug;
		};
		02BDAD1B21F489750042243F /* Release */ = {
			isa = XCBuildConfiguration;
			buildSettings = {
				ALWAYS_SEARCH_USER_PATHS = NO;
				CLANG_ANALYZER_NONNULL = YES;
				CLANG_ANALYZER_NUMBER_OBJECT_CONVERSION = YES_AGGRESSIVE;
				CLANG_CXX_LANGUAGE_STANDARD = "gnu++14";
				CLANG_CXX_LIBRARY = "libc++";
				CLANG_ENABLE_MODULES = YES;
				CLANG_ENABLE_OBJC_ARC = YES;
				CLANG_ENABLE_OBJC_WEAK = YES;
				CLANG_WARN_BLOCK_CAPTURE_AUTORELEASING = YES;
				CLANG_WARN_BOOL_CONVERSION = YES;
				CLANG_WARN_COMMA = YES;
				CLANG_WARN_CONSTANT_CONVERSION = YES;
				CLANG_WARN_DEPRECATED_OBJC_IMPLEMENTATIONS = YES;
				CLANG_WARN_DIRECT_OBJC_ISA_USAGE = YES_ERROR;
				CLANG_WARN_DOCUMENTATION_COMMENTS = YES;
				CLANG_WARN_EMPTY_BODY = YES;
				CLANG_WARN_ENUM_CONVERSION = YES;
				CLANG_WARN_INFINITE_RECURSION = YES;
				CLANG_WARN_INT_CONVERSION = YES;
				CLANG_WARN_NON_LITERAL_NULL_CONVERSION = YES;
				CLANG_WARN_OBJC_IMPLICIT_RETAIN_SELF = YES;
				CLANG_WARN_OBJC_LITERAL_CONVERSION = YES;
				CLANG_WARN_OBJC_ROOT_CLASS = YES_ERROR;
				CLANG_WARN_RANGE_LOOP_ANALYSIS = YES;
				CLANG_WARN_STRICT_PROTOTYPES = YES;
				CLANG_WARN_SUSPICIOUS_MOVE = YES;
				CLANG_WARN_UNGUARDED_AVAILABILITY = YES_AGGRESSIVE;
				CLANG_WARN_UNREACHABLE_CODE = YES;
				CLANG_WARN__DUPLICATE_METHOD_MATCH = YES;
				CODE_SIGN_IDENTITY = "iPhone Developer";
				COPY_PHASE_STRIP = NO;
				DEBUG_INFORMATION_FORMAT = "dwarf-with-dsym";
				ENABLE_NS_ASSERTIONS = NO;
				ENABLE_STRICT_OBJC_MSGSEND = YES;
				GCC_C_LANGUAGE_STANDARD = gnu11;
				GCC_NO_COMMON_BLOCKS = YES;
				GCC_WARN_64_TO_32_BIT_CONVERSION = YES;
				GCC_WARN_ABOUT_RETURN_TYPE = YES_ERROR;
				GCC_WARN_UNDECLARED_SELECTOR = YES;
				GCC_WARN_UNINITIALIZED_AUTOS = YES_AGGRESSIVE;
				GCC_WARN_UNUSED_FUNCTION = YES;
				GCC_WARN_UNUSED_VARIABLE = YES;
				IPHONEOS_DEPLOYMENT_TARGET = 12.1;
				MTL_ENABLE_DEBUG_INFO = NO;
				MTL_FAST_MATH = YES;
				SDKROOT = iphoneos;
				SWIFT_COMPILATION_MODE = wholemodule;
				SWIFT_OPTIMIZATION_LEVEL = "-O";
				VALIDATE_PRODUCT = YES;
			};
			name = Release;
		};
		02BDAD1D21F489750042243F /* Debug */ = {
			isa = XCBuildConfiguration;
			buildSettings = {
				ASSETCATALOG_COMPILER_APPICON_NAME = AppIcon;
				CODE_SIGN_STYLE = Automatic;
				DEVELOPMENT_TEAM = E2BGP67TX9;
				INFOPLIST_FILE = "iOS Chat/Info.plist";
				LD_RUNPATH_SEARCH_PATHS = (
					"$(inherited)",
					"@executable_path/Frameworks",
				);
				PRODUCT_BUNDLE_IDENTIFIER = "de.macundi.Network-Chat";
				PRODUCT_NAME = "$(TARGET_NAME)";
				SWIFT_VERSION = 4.2;
				TARGETED_DEVICE_FAMILY = "1,2";
			};
			name = Debug;
		};
		02BDAD1E21F489750042243F /* Release */ = {
			isa = XCBuildConfiguration;
			buildSettings = {
				ASSETCATALOG_COMPILER_APPICON_NAME = AppIcon;
				CODE_SIGN_STYLE = Automatic;
				DEVELOPMENT_TEAM = E2BGP67TX9;
				INFOPLIST_FILE = "iOS Chat/Info.plist";
				LD_RUNPATH_SEARCH_PATHS = (
					"$(inherited)",
					"@executable_path/Frameworks",
				);
				PRODUCT_BUNDLE_IDENTIFIER = "de.macundi.Network-Chat";
				PRODUCT_NAME = "$(TARGET_NAME)";
				SWIFT_VERSION = 4.2;
				TARGETED_DEVICE_FAMILY = "1,2";
			};
			name = Release;
		};
/* End XCBuildConfiguration section */

/* Begin XCConfigurationList section */
		026B73D12204AF6700CDF183 /* Build configuration list for PBXNativeTarget "macOS Chat" */ = {
			isa = XCConfigurationList;
			buildConfigurations = (
				026B73D22204AF6700CDF183 /* Debug */,
				026B73D32204AF6700CDF183 /* Release */,
			);
			defaultConfigurationIsVisible = 0;
			defaultConfigurationName = Release;
		};
		02BDAD0521F489730042243F /* Build configuration list for PBXProject "Network Chat" */ = {
			isa = XCConfigurationList;
			buildConfigurations = (
				02BDAD1A21F489750042243F /* Debug */,
				02BDAD1B21F489750042243F /* Release */,
			);
			defaultConfigurationIsVisible = 0;
			defaultConfigurationName = Release;
		};
		02BDAD1C21F489750042243F /* Build configuration list for PBXNativeTarget "iOS Chat" */ = {
			isa = XCConfigurationList;
			buildConfigurations = (
				02BDAD1D21F489750042243F /* Debug */,
				02BDAD1E21F489750042243F /* Release */,
			);
			defaultConfigurationIsVisible = 0;
			defaultConfigurationName = Release;
		};
/* End XCConfigurationList section */
	};
	rootObject = 02BDAD0221F489730042243F /* Project object */;
}
